
Microsoft Visual Studio Solution File, Format Version 12.00
# Visual Studio Version 17
VisualStudioVersion = 17.5.33516.290
MinimumVisualStudioVersion = 10.0.40219.1
Project("{FAE04EC0-301F-11D3-BF4B-00C04F79EFBC}") = "Web_2_Online_Shop", "Web_2_Online_Shop\Web_2_Online_Shop.csproj", "{F31A24E6-0EC9-471E-AF28-AD7467783EED}"
EndProject
Global
	GlobalSection(SolutionConfigurationPlatforms) = preSolution
		Debug|Any CPU = Debug|Any CPU
		Release|Any CPU = Release|Any CPU
	EndGlobalSection
	GlobalSection(ProjectConfigurationPlatforms) = postSolution
		{F31A24E6-0EC9-471E-AF28-AD7467783EED}.Debug|Any CPU.ActiveCfg = Debug|Any CPU
		{F31A24E6-0EC9-471E-AF28-AD7467783EED}.Debug|Any CPU.Build.0 = Debug|Any CPU
		{F31A24E6-0EC9-471E-AF28-AD7467783EED}.Release|Any CPU.ActiveCfg = Release|Any CPU
		{F31A24E6-0EC9-471E-AF28-AD7467783EED}.Release|Any CPU.Build.0 = Release|Any CPU
	EndGlobalSection
	GlobalSection(SolutionProperties) = preSolution
		HideSolutionNode = FALSE
	EndGlobalSection
	GlobalSection(ExtensibilityGlobals) = postSolution
		SolutionGuid = {C884FE1A-669C-4D77-BE89-7A7025659023}
	EndGlobalSection
EndGlobal
